// !$*UTF8*$!
{
	archiveVersion = 1;
	classes = {
	};
	objectVersion = 55;
	objects = {

/* Begin PBXBuildFile section */
		9FD1A79C27A9B31B000F2593 /* Vier_GewinntApp.swift in Sources */ = {isa = PBXBuildFile; fileRef = 9FD1A79B27A9B31B000F2593 /* Vier_GewinntApp.swift */; };
		9FD1A79E27A9B31B000F2593 /* ContentView.swift in Sources */ = {isa = PBXBuildFile; fileRef = 9FD1A79D27A9B31B000F2593 /* ContentView.swift */; };
		9FD1A7A027A9B31C000F2593 /* Assets.xcassets in Resources */ = {isa = PBXBuildFile; fileRef = 9FD1A79F27A9B31C000F2593 /* Assets.xcassets */; };
		9FD1A7A327A9B31C000F2593 /* Preview Assets.xcassets in Resources */ = {isa = PBXBuildFile; fileRef = 9FD1A7A227A9B31C000F2593 /* Preview Assets.xcassets */; };
		9FD1A7AD27A9B31C000F2593 /* Vier_GewinntTests.swift in Sources */ = {isa = PBXBuildFile; fileRef = 9FD1A7AC27A9B31C000F2593 /* Vier_GewinntTests.swift */; };
		9FD1A7B727A9B31C000F2593 /* Vier_GewinntUITests.swift in Sources */ = {isa = PBXBuildFile; fileRef = 9FD1A7B627A9B31C000F2593 /* Vier_GewinntUITests.swift */; };
		9FD1A7B927A9B31C000F2593 /* Vier_GewinntUITestsLaunchTests.swift in Sources */ = {isa = PBXBuildFile; fileRef = 9FD1A7B827A9B31C000F2593 /* Vier_GewinntUITestsLaunchTests.swift */; };
/* End PBXBuildFile section */

/* Begin PBXContainerItemProxy section */
		9FD1A7A927A9B31C000F2593 /* PBXContainerItemProxy */ = {
			isa = PBXContainerItemProxy;
			containerPortal = 9FD1A79027A9B31B000F2593 /* Project object */;
			proxyType = 1;
			remoteGlobalIDString = 9FD1A79727A9B31B000F2593;
			remoteInfo = "Vier Gewinnt";
		};
		9FD1A7B327A9B31C000F2593 /* PBXContainerItemProxy */ = {
			isa = PBXContainerItemProxy;
			containerPortal = 9FD1A79027A9B31B000F2593 /* Project object */;
			proxyType = 1;
			remoteGlobalIDString = 9FD1A79727A9B31B000F2593;
			remoteInfo = "Vier Gewinnt";
		};
/* End PBXContainerItemProxy section */

/* Begin PBXFileReference section */
		9FD1A79827A9B31B000F2593 /* Vier Gewinnt.app */ = {isa = PBXFileReference; explicitFileType = wrapper.application; includeInIndex = 0; path = "Vier Gewinnt.app"; sourceTree = BUILT_PRODUCTS_DIR; };
		9FD1A79B27A9B31B000F2593 /* Vier_GewinntApp.swift */ = {isa = PBXFileReference; lastKnownFileType = sourcecode.swift; path = Vier_GewinntApp.swift; sourceTree = "<group>"; };
		9FD1A79D27A9B31B000F2593 /* ContentView.swift */ = {isa = PBXFileReference; lastKnownFileType = sourcecode.swift; path = ContentView.swift; sourceTree = "<group>"; };
		9FD1A79F27A9B31C000F2593 /* Assets.xcassets */ = {isa = PBXFileReference; lastKnownFileType = folder.assetcatalog; path = Assets.xcassets; sourceTree = "<group>"; };
		9FD1A7A227A9B31C000F2593 /* Preview Assets.xcassets */ = {isa = PBXFileReference; lastKnownFileType = folder.assetcatalog; path = "Preview Assets.xcassets"; sourceTree = "<group>"; };
		9FD1A7A827A9B31C000F2593 /* Vier GewinntTests.xctest */ = {isa = PBXFileReference; explicitFileType = wrapper.cfbundle; includeInIndex = 0; path = "Vier GewinntTests.xctest"; sourceTree = BUILT_PRODUCTS_DIR; };
		9FD1A7AC27A9B31C000F2593 /* Vier_GewinntTests.swift */ = {isa = PBXFileReference; lastKnownFileType = sourcecode.swift; path = Vier_GewinntTests.swift; sourceTree = "<group>"; };
		9FD1A7B227A9B31C000F2593 /* Vier GewinntUITests.xctest */ = {isa = PBXFileReference; explicitFileType = wrapper.cfbundle; includeInIndex = 0; path = "Vier GewinntUITests.xctest"; sourceTree = BUILT_PRODUCTS_DIR; };
		9FD1A7B627A9B31C000F2593 /* Vier_GewinntUITests.swift */ = {isa = PBXFileReference; lastKnownFileType = sourcecode.swift; path = Vier_GewinntUITests.swift; sourceTree = "<group>"; };
		9FD1A7B827A9B31C000F2593 /* Vier_GewinntUITestsLaunchTests.swift */ = {isa = PBXFileReference; lastKnownFileType = sourcecode.swift; path = Vier_GewinntUITestsLaunchTests.swift; sourceTree = "<group>"; };
/* End PBXFileReference section */

/* Begin PBXFrameworksBuildPhase section */
		9FD1A79527A9B31B000F2593 /* Frameworks */ = {
			isa = PBXFrameworksBuildPhase;
			buildActionMask = 2147483647;
			files = (
			);
			runOnlyForDeploymentPostprocessing = 0;
		};
		9FD1A7A527A9B31C000F2593 /* Frameworks */ = {
			isa = PBXFrameworksBuildPhase;
			buildActionMask = 2147483647;
			files = (
			);
			runOnlyForDeploymentPostprocessing = 0;
		};
		9FD1A7AF27A9B31C000F2593 /* Frameworks */ = {
			isa = PBXFrameworksBuildPhase;
			buildActionMask = 2147483647;
			files = (
			);
			runOnlyForDeploymentPostprocessing = 0;
		};
/* End PBXFrameworksBuildPhase section */

/* Begin PBXGroup section */
		9FD1A78F27A9B31B000F2593 = {
			isa = PBXGroup;
			children = (
				9FD1A79A27A9B31B000F2593 /* Vier Gewinnt */,
				9FD1A7AB27A9B31C000F2593 /* Vier GewinntTests */,
				9FD1A7B527A9B31C000F2593 /* Vier GewinntUITests */,
				9FD1A79927A9B31B000F2593 /* Products */,
			);
			sourceTree = "<group>";
		};
		9FD1A79927A9B31B000F2593 /* Products */ = {
			isa = PBXGroup;
			children = (
				9FD1A79827A9B31B000F2593 /* Vier Gewinnt.app */,
				9FD1A7A827A9B31C000F2593 /* Vier GewinntTests.xctest */,
				9FD1A7B227A9B31C000F2593 /* Vier GewinntUITests.xctest */,
			);
			name = Products;
			sourceTree = "<group>";
		};
		9FD1A79A27A9B31B000F2593 /* Vier Gewinnt */ = {
			isa = PBXGroup;
			children = (
				9FD1A79B27A9B31B000F2593 /* Vier_GewinntApp.swift */,
				9FD1A79D27A9B31B000F2593 /* ContentView.swift */,
				9FD1A79F27A9B31C000F2593 /* Assets.xcassets */,
				9FD1A7A127A9B31C000F2593 /* Preview Content */,
			);
			path = "Vier Gewinnt";
			sourceTree = "<group>";
		};
		9FD1A7A127A9B31C000F2593 /* Preview Content */ = {
			isa = PBXGroup;
			children = (
				9FD1A7A227A9B31C000F2593 /* Preview Assets.xcassets */,
			);
			path = "Preview Content";
			sourceTree = "<group>";
		};
		9FD1A7AB27A9B31C000F2593 /* Vier GewinntTests */ = {
			isa = PBXGroup;
			children = (
				9FD1A7AC27A9B31C000F2593 /* Vier_GewinntTests.swift */,
			);
			path = "Vier GewinntTests";
			sourceTree = "<group>";
		};
		9FD1A7B527A9B31C000F2593 /* Vier GewinntUITests */ = {
			isa = PBXGroup;
			children = (
				9FD1A7B627A9B31C000F2593 /* Vier_GewinntUITests.swift */,
				9FD1A7B827A9B31C000F2593 /* Vier_GewinntUITestsLaunchTests.swift */,
			);
			path = "Vier GewinntUITests";
			sourceTree = "<group>";
		};
/* End PBXGroup section */

/* Begin PBXNativeTarget section */
		9FD1A79727A9B31B000F2593 /* Vier Gewinnt */ = {
			isa = PBXNativeTarget;
			buildConfigurationList = 9FD1A7BC27A9B31C000F2593 /* Build configuration list for PBXNativeTarget "Vier Gewinnt" */;
			buildPhases = (
				9FD1A79427A9B31B000F2593 /* Sources */,
				9FD1A79527A9B31B000F2593 /* Frameworks */,
				9FD1A79627A9B31B000F2593 /* Resources */,
			);
			buildRules = (
			);
			dependencies = (
			);
			name = "Vier Gewinnt";
			productName = "Vier Gewinnt";
			productReference = 9FD1A79827A9B31B000F2593 /* Vier Gewinnt.app */;
			productType = "com.apple.product-type.application";
		};
		9FD1A7A727A9B31C000F2593 /* Vier GewinntTests */ = {
			isa = PBXNativeTarget;
			buildConfigurationList = 9FD1A7BF27A9B31C000F2593 /* Build configuration list for PBXNativeTarget "Vier GewinntTests" */;
			buildPhases = (
				9FD1A7A427A9B31C000F2593 /* Sources */,
				9FD1A7A527A9B31C000F2593 /* Frameworks */,
				9FD1A7A627A9B31C000F2593 /* Resources */,
			);
			buildRules = (
			);
			dependencies = (
				9FD1A7AA27A9B31C000F2593 /* PBXTargetDependency */,
			);
			name = "Vier GewinntTests";
			productName = "Vier GewinntTests";
			productReference = 9FD1A7A827A9B31C000F2593 /* Vier GewinntTests.xctest */;
			productType = "com.apple.product-type.bundle.unit-test";
		};
		9FD1A7B127A9B31C000F2593 /* Vier GewinntUITests */ = {
			isa = PBXNativeTarget;
			buildConfigurationList = 9FD1A7C227A9B31C000F2593 /* Build configuration list for PBXNativeTarget "Vier GewinntUITests" */;
			buildPhases = (
				9FD1A7AE27A9B31C000F2593 /* Sources */,
				9FD1A7AF27A9B31C000F2593 /* Frameworks */,
				9FD1A7B027A9B31C000F2593 /* Resources */,
			);
			buildRules = (
			);
			dependencies = (
				9FD1A7B427A9B31C000F2593 /* PBXTargetDependency */,
			);
			name = "Vier GewinntUITests";
			productName = "Vier GewinntUITests";
			productReference = 9FD1A7B227A9B31C000F2593 /* Vier GewinntUITests.xctest */;
			productType = "com.apple.product-type.bundle.ui-testing";
		};
/* End PBXNativeTarget section */

/* Begin PBXProject section */
		9FD1A79027A9B31B000F2593 /* Project object */ = {
			isa = PBXProject;
			attributes = {
				BuildIndependentTargetsInParallel = 1;
				LastSwiftUpdateCheck = 1320;
				LastUpgradeCheck = 1320;
				TargetAttributes = {
					9FD1A79727A9B31B000F2593 = {
						CreatedOnToolsVersion = 13.2.1;
					};
					9FD1A7A727A9B31C000F2593 = {
						CreatedOnToolsVersion = 13.2.1;
						TestTargetID = 9FD1A79727A9B31B000F2593;
					};
					9FD1A7B127A9B31C000F2593 = {
						CreatedOnToolsVersion = 13.2.1;
						TestTargetID = 9FD1A79727A9B31B000F2593;
					};
				};
			};
			buildConfigurationList = 9FD1A79327A9B31B000F2593 /* Build configuration list for PBXProject "Vier Gewinnt" */;
			compatibilityVersion = "Xcode 13.0";
			developmentRegion = en;
			hasScannedForEncodings = 0;
			knownRegions = (
				en,
				Base,
			);
			mainGroup = 9FD1A78F27A9B31B000F2593;
			productRefGroup = 9FD1A79927A9B31B000F2593 /* Products */;
			projectDirPath = "";
			projectRoot = "";
			targets = (
				9FD1A79727A9B31B000F2593 /* Vier Gewinnt */,
				9FD1A7A727A9B31C000F2593 /* Vier GewinntTests */,
				9FD1A7B127A9B31C000F2593 /* Vier GewinntUITests */,
			);
		};
/* End PBXProject section */

/* Begin PBXResourcesBuildPhase section */
		9FD1A79627A9B31B000F2593 /* Resources */ = {
			isa = PBXResourcesBuildPhase;
			buildActionMask = 2147483647;
			files = (
				9FD1A7A327A9B31C000F2593 /* Preview Assets.xcassets in Resources */,
				9FD1A7A027A9B31C000F2593 /* Assets.xcassets in Resources */,
			);
			runOnlyForDeploymentPostprocessing = 0;
		};
		9FD1A7A627A9B31C000F2593 /* Resources */ = {
			isa = PBXResourcesBuildPhase;
			buildActionMask = 2147483647;
			files = (
			);
			runOnlyForDeploymentPostprocessing = 0;
		};
		9FD1A7B027A9B31C000F2593 /* Resources */ = {
			isa = PBXResourcesBuildPhase;
			buildActionMask = 2147483647;
			files = (
			);
			runOnlyForDeploymentPostprocessing = 0;
		};
/* End PBXResourcesBuildPhase section */

/* Begin PBXSourcesBuildPhase section */
		9FD1A79427A9B31B000F2593 /* Sources */ = {
			isa = PBXSourcesBuildPhase;
			buildActionMask = 2147483647;
			files = (
				9FD1A79E27A9B31B000F2593 /* ContentView.swift in Sources */,
				9FD1A79C27A9B31B000F2593 /* Vier_GewinntApp.swift in Sources */,
			);
			runOnlyForDeploymentPostprocessing = 0;
		};
		9FD1A7A427A9B31C000F2593 /* Sources */ = {
			isa = PBXSourcesBuildPhase;
			buildActionMask = 2147483647;
			files = (
				9FD1A7AD27A9B31C000F2593 /* Vier_GewinntTests.swift in Sources */,
			);
			runOnlyForDeploymentPostprocessing = 0;
		};
		9FD1A7AE27A9B31C000F2593 /* Sources */ = {
			isa = PBXSourcesBuildPhase;
			buildActionMask = 2147483647;
			files = (
				9FD1A7B727A9B31C000F2593 /* Vier_GewinntUITests.swift in Sources */,
				9FD1A7B927A9B31C000F2593 /* Vier_GewinntUITestsLaunchTests.swift in Sources */,
			);
			runOnlyForDeploymentPostprocessing = 0;
		};
/* End PBXSourcesBuildPhase section */

/* Begin PBXTargetDependency section */
		9FD1A7AA27A9B31C000F2593 /* PBXTargetDependency */ = {
			isa = PBXTargetDependency;
			target = 9FD1A79727A9B31B000F2593 /* Vier Gewinnt */;
			targetProxy = 9FD1A7A927A9B31C000F2593 /* PBXContainerItemProxy */;
		};
		9FD1A7B427A9B31C000F2593 /* PBXTargetDependency */ = {
			isa = PBXTargetDependency;
			target = 9FD1A79727A9B31B000F2593 /* Vier Gewinnt */;
			targetProxy = 9FD1A7B327A9B31C000F2593 /* PBXContainerItemProxy */;
		};
/* End PBXTargetDependency section */

/* Begin XCBuildConfiguration section */
		9FD1A7BA27A9B31C000F2593 /* Debug */ = {
			isa = XCBuildConfiguration;
			buildSettings = {
				ALWAYS_SEARCH_USER_PATHS = NO;
				CLANG_ANALYZER_NONNULL = YES;
				CLANG_ANALYZER_NUMBER_OBJECT_CONVERSION = YES_AGGRESSIVE;
				CLANG_CXX_LANGUAGE_STANDARD = "gnu++17";
				CLANG_CXX_LIBRARY = "libc++";
				CLANG_ENABLE_MODULES = YES;
				CLANG_ENABLE_OBJC_ARC = YES;
				CLANG_ENABLE_OBJC_WEAK = YES;
				CLANG_WARN_BLOCK_CAPTURE_AUTORELEASING = YES;
				CLANG_WARN_BOOL_CONVERSION = YES;
				CLANG_WARN_COMMA = YES;
				CLANG_WARN_CONSTANT_CONVERSION = YES;
				CLANG_WARN_DEPRECATED_OBJC_IMPLEMENTATIONS = YES;
				CLANG_WARN_DIRECT_OBJC_ISA_USAGE = YES_ERROR;
				CLANG_WARN_DOCUMENTATION_COMMENTS = YES;
				CLANG_WARN_EMPTY_BODY = YES;
				CLANG_WARN_ENUM_CONVERSION = YES;
				CLANG_WARN_INFINITE_RECURSION = YES;
				CLANG_WARN_INT_CONVERSION = YES;
				CLANG_WARN_NON_LITERAL_NULL_CONVERSION = YES;
				CLANG_WARN_OBJC_IMPLICIT_RETAIN_SELF = YES;
				CLANG_WARN_OBJC_LITERAL_CONVERSION = YES;
				CLANG_WARN_OBJC_ROOT_CLASS = YES_ERROR;
				CLANG_WARN_QUOTED_INCLUDE_IN_FRAMEWORK_HEADER = YES;
				CLANG_WARN_RANGE_LOOP_ANALYSIS = YES;
				CLANG_WARN_STRICT_PROTOTYPES = YES;
				CLANG_WARN_SUSPICIOUS_MOVE = YES;
				CLANG_WARN_UNGUARDED_AVAILABILITY = YES_AGGRESSIVE;
				CLANG_WARN_UNREACHABLE_CODE = YES;
				CLANG_WARN__DUPLICATE_METHOD_MATCH = YES;
				COPY_PHASE_STRIP = NO;
				DEBUG_INFORMATION_FORMAT = dwarf;
				ENABLE_STRICT_OBJC_MSGSEND = YES;
				ENABLE_TESTABILITY = YES;
				GCC_C_LANGUAGE_STANDARD = gnu11;
				GCC_DYNAMIC_NO_PIC = NO;
				GCC_NO_COMMON_BLOCKS = YES;
				GCC_OPTIMIZATION_LEVEL = 0;
				GCC_PREPROCESSOR_DEFINITIONS = (
					"DEBUG=1",
					"$(inherited)",
				);
				GCC_WARN_64_TO_32_BIT_CONVERSION = YES;
				GCC_WARN_ABOUT_RETURN_TYPE = YES_ERROR;
				GCC_WARN_UNDECLARED_SELECTOR = YES;
				GCC_WARN_UNINITIALIZED_AUTOS = YES_AGGRESSIVE;
				GCC_WARN_UNUSED_FUNCTION = YES;
				GCC_WARN_UNUSED_VARIABLE = YES;
				IPHONEOS_DEPLOYMENT_TARGET = 15.2;
				MTL_ENABLE_DEBUG_INFO = INCLUDE_SOURCE;
				MTL_FAST_MATH = YES;
				ONLY_ACTIVE_ARCH = YES;
				SDKROOT = iphoneos;
				SWIFT_ACTIVE_COMPILATION_CONDITIONS = DEBUG;
				SWIFT_OPTIMIZATION_LEVEL = "-Onone";
			};
			name = Debug;
		};
		9FD1A7BB27A9B31C000F2593 /* Release */ = {
			isa = XCBuildConfiguration;
			buildSettings = {
				ALWAYS_SEARCH_USER_PATHS = NO;
				CLANG_ANALYZER_NONNULL = YES;
				CLANG_ANALYZER_NUMBER_OBJECT_CONVERSION = YES_AGGRESSIVE;
				CLANG_CXX_LANGUAGE_STANDARD = "gnu++17";
				CLANG_CXX_LIBRARY = "libc++";
				CLANG_ENABLE_MODULES = YES;
				CLANG_ENABLE_OBJC_ARC = YES;
				CLANG_ENABLE_OBJC_WEAK = YES;
				CLANG_WARN_BLOCK_CAPTURE_AUTORELEASING = YES;
				CLANG_WARN_BOOL_CONVERSION = YES;
				CLANG_WARN_COMMA = YES;
				CLANG_WARN_CONSTANT_CONVERSION = YES;
				CLANG_WARN_DEPRECATED_OBJC_IMPLEMENTATIONS = YES;
				CLANG_WARN_DIRECT_OBJC_ISA_USAGE = YES_ERROR;
				CLANG_WARN_DOCUMENTATION_COMMENTS = YES;
				CLANG_WARN_EMPTY_BODY = YES;
				CLANG_WARN_ENUM_CONVERSION = YES;
				CLANG_WARN_INFINITE_RECURSION = YES;
				CLANG_WARN_INT_CONVERSION = YES;
				CLANG_WARN_NON_LITERAL_NULL_CONVERSION = YES;
				CLANG_WARN_OBJC_IMPLICIT_RETAIN_SELF = YES;
				CLANG_WARN_OBJC_LITERAL_CONVERSION = YES;
				CLANG_WARN_OBJC_ROOT_CLASS = YES_ERROR;
				CLANG_WARN_QUOTED_INCLUDE_IN_FRAMEWORK_HEADER = YES;
				CLANG_WARN_RANGE_LOOP_ANALYSIS = YES;
				CLANG_WARN_STRICT_PROTOTYPES = YES;
				CLANG_WARN_SUSPICIOUS_MOVE = YES;
				CLANG_WARN_UNGUARDED_AVAILABILITY = YES_AGGRESSIVE;
				CLANG_WARN_UNREACHABLE_CODE = YES;
				CLANG_WARN__DUPLICATE_METHOD_MATCH = YES;
				COPY_PHASE_STRIP = NO;
				DEBUG_INFORMATION_FORMAT = "dwarf-with-dsym";
				ENABLE_NS_ASSERTIONS = NO;
				ENABLE_STRICT_OBJC_MSGSEND = YES;
				GCC_C_LANGUAGE_STANDARD = gnu11;
				GCC_NO_COMMON_BLOCKS = YES;
				GCC_WARN_64_TO_32_BIT_CONVERSION = YES;
				GCC_WARN_ABOUT_RETURN_TYPE = YES_ERROR;
				GCC_WARN_UNDECLARED_SELECTOR = YES;
				GCC_WARN_UNINITIALIZED_AUTOS = YES_AGGRESSIVE;
				GCC_WARN_UNUSED_FUNCTION = YES;
				GCC_WARN_UNUSED_VARIABLE = YES;
				IPHONEOS_DEPLOYMENT_TARGET = 15.2;
				MTL_ENABLE_DEBUG_INFO = NO;
				MTL_FAST_MATH = YES;
				SDKROOT = iphoneos;
				SWIFT_COMPILATION_MODE = wholemodule;
				SWIFT_OPTIMIZATION_LEVEL = "-O";
				VALIDATE_PRODUCT = YES;
			};
			name = Release;
		};
		9FD1A7BD27A9B31C000F2593 /* Debug */ = {
			isa = XCBuildConfiguration;
			buildSettings = {
				ASSETCATALOG_COMPILER_APPICON_NAME = AppIcon;
				ASSETCATALOG_COMPILER_GLOBAL_ACCENT_COLOR_NAME = AccentColor;
				CODE_SIGN_STYLE = Automatic;
				CURRENT_PROJECT_VERSION = 1;
				DEVELOPMENT_ASSET_PATHS = "\"Vier Gewinnt/Preview Content\"";
				DEVELOPMENT_TEAM = VXC6ZH9W86;
				ENABLE_PREVIEWS = YES;
				GENERATE_INFOPLIST_FILE = YES;
				INFOPLIST_KEY_UIApplicationSceneManifest_Generation = YES;
				INFOPLIST_KEY_UIApplicationSupportsIndirectInputEvents = YES;
				INFOPLIST_KEY_UILaunchScreen_Generation = YES;
				INFOPLIST_KEY_UISupportedInterfaceOrientations_iPad = "UIInterfaceOrientationPortrait UIInterfaceOrientationPortraitUpsideDown UIInterfaceOrientationLandscapeLeft UIInterfaceOrientationLandscapeRight";
				INFOPLIST_KEY_UISupportedInterfaceOrientations_iPhone = "UIInterfaceOrientationPortrait UIInterfaceOrientationLandscapeLeft UIInterfaceOrientationLandscapeRight";
				LD_RUNPATH_SEARCH_PATHS = (
					"$(inherited)",
					"@executable_path/Frameworks",
				);
				MARKETING_VERSION = 1.0;
				PRODUCT_BUNDLE_IDENTIFIER = "firatcan.apps.Vier-Gewinnt";
				PRODUCT_NAME = "$(TARGET_NAME)";
				SWIFT_EMIT_LOC_STRINGS = YES;
				SWIFT_VERSION = 5.0;
				TARGETED_DEVICE_FAMILY = "1,2";
			};
			name = Debug;
		};
		9FD1A7BE27A9B31C000F2593 /* Release */ = {
			isa = XCBuildConfiguration;
			buildSettings = {
				ASSETCATALOG_COMPILER_APPICON_NAME = AppIcon;
				ASSETCATALOG_COMPILER_GLOBAL_ACCENT_COLOR_NAME = AccentColor;
				CODE_SIGN_STYLE = Automatic;
				CURRENT_PROJECT_VERSION = 1;
				DEVELOPMENT_ASSET_PATHS = "\"Vier Gewinnt/Preview Content\"";
				DEVELOPMENT_TEAM = VXC6ZH9W86;
				ENABLE_PREVIEWS = YES;
				GENERATE_INFOPLIST_FILE = YES;
				INFOPLIST_KEY_UIApplicationSceneManifest_Generation = YES;
				INFOPLIST_KEY_UIApplicationSupportsIndirectInputEvents = YES;
				INFOPLIST_KEY_UILaunchScreen_Generation = YES;
				INFOPLIST_KEY_UISupportedInterfaceOrientations_iPad = "UIInterfaceOrientationPortrait UIInterfaceOrientationPortraitUpsideDown UIInterfaceOrientationLandscapeLeft UIInterfaceOrientationLandscapeRight";
				INFOPLIST_KEY_UISupportedInterfaceOrientations_iPhone = "UIInterfaceOrientationPortrait UIInterfaceOrientationLandscapeLeft UIInterfaceOrientationLandscapeRight";
				LD_RUNPATH_SEARCH_PATHS = (
					"$(inherited)",
					"@executable_path/Frameworks",
				);
				MARKETING_VERSION = 1.0;
				PRODUCT_BUNDLE_IDENTIFIER = "firatcan.apps.Vier-Gewinnt";
				PRODUCT_NAME = "$(TARGET_NAME)";
				SWIFT_EMIT_LOC_STRINGS = YES;
				SWIFT_VERSION = 5.0;
				TARGETED_DEVICE_FAMILY = "1,2";
			};
			name = Release;
		};
		9FD1A7C027A9B31C000F2593 /* Debug */ = {
			isa = XCBuildConfiguration;
			buildSettings = {
				ALWAYS_EMBED_SWIFT_STANDARD_LIBRARIES = YES;
				BUNDLE_LOADER = "$(TEST_HOST)";
				CODE_SIGN_STYLE = Automatic;
				CURRENT_PROJECT_VERSION = 1;
				DEVELOPMENT_TEAM = VXC6ZH9W86;
				GENERATE_INFOPLIST_FILE = YES;
				IPHONEOS_DEPLOYMENT_TARGET = 15.2;
				MARKETING_VERSION = 1.0;
				PRODUCT_BUNDLE_IDENTIFIER = "firatcan.apps.Vier-GewinntTests";
				PRODUCT_NAME = "$(TARGET_NAME)";
				SWIFT_EMIT_LOC_STRINGS = NO;
				SWIFT_VERSION = 5.0;
				TARGETED_DEVICE_FAMILY = "1,2";
				TEST_HOST = "$(BUILT_PRODUCTS_DIR)/Vier Gewinnt.app/Vier Gewinnt";
			};
			name = Debug;
		};
		9FD1A7C127A9B31C000F2593 /* Release */ = {
			isa = XCBuildConfiguration;
			buildSettings = {
				ALWAYS_EMBED_SWIFT_STANDARD_LIBRARIES = YES;
				BUNDLE_LOADER = "$(TEST_HOST)";
				CODE_SIGN_STYLE = Automatic;
				CURRENT_PROJECT_VERSION = 1;
				DEVELOPMENT_TEAM = VXC6ZH9W86;
				GENERATE_INFOPLIST_FILE = YES;
				IPHONEOS_DEPLOYMENT_TARGET = 15.2;
				MARKETING_VERSION = 1.0;
				PRODUCT_BUNDLE_IDENTIFIER = "firatcan.apps.Vier-GewinntTests";
				PRODUCT_NAME = "$(TARGET_NAME)";
				SWIFT_EMIT_LOC_STRINGS = NO;
				SWIFT_VERSION = 5.0;
				TARGETED_DEVICE_FAMILY = "1,2";
				TEST_HOST = "$(BUILT_PRODUCTS_DIR)/Vier Gewinnt.app/Vier Gewinnt";
			};
			name = Release;
		};
		9FD1A7C327A9B31C000F2593 /* Debug */ = {
			isa = XCBuildConfiguration;
			buildSettings = {
				ALWAYS_EMBED_SWIFT_STANDARD_LIBRARIES = YES;
				CODE_SIGN_STYLE = Automatic;
				CURRENT_PROJECT_VERSION = 1;
				DEVELOPMENT_TEAM = VXC6ZH9W86;
				GENERATE_INFOPLIST_FILE = YES;
				MARKETING_VERSION = 1.0;
				PRODUCT_BUNDLE_IDENTIFIER = "firatcan.apps.Vier-GewinntUITests";
				PRODUCT_NAME = "$(TARGET_NAME)";
				SWIFT_EMIT_LOC_STRINGS = NO;
				SWIFT_VERSION = 5.0;
				TARGETED_DEVICE_FAMILY = "1,2";
				TEST_TARGET_NAME = "Vier Gewinnt";
			};
			name = Debug;
		};
		9FD1A7C427A9B31C000F2593 /* Release */ = {
			isa = XCBuildConfiguration;
			buildSettings = {
				ALWAYS_EMBED_SWIFT_STANDARD_LIBRARIES = YES;
				CODE_SIGN_STYLE = Automatic;
				CURRENT_PROJECT_VERSION = 1;
				DEVELOPMENT_TEAM = VXC6ZH9W86;
				GENERATE_INFOPLIST_FILE = YES;
				MARKETING_VERSION = 1.0;
				PRODUCT_BUNDLE_IDENTIFIER = "firatcan.apps.Vier-GewinntUITests";
				PRODUCT_NAME = "$(TARGET_NAME)";
				SWIFT_EMIT_LOC_STRINGS = NO;
				SWIFT_VERSION = 5.0;
				TARGETED_DEVICE_FAMILY = "1,2";
				TEST_TARGET_NAME = "Vier Gewinnt";
			};
			name = Release;
		};
/* End XCBuildConfiguration section */

/* Begin XCConfigurationList section */
		9FD1A79327A9B31B000F2593 /* Build configuration list for PBXProject "Vier Gewinnt" */ = {
			isa = XCConfigurationList;
			buildConfigurations = (
				9FD1A7BA27A9B31C000F2593 /* Debug */,
				9FD1A7BB27A9B31C000F2593 /* Release */,
			);
			defaultConfigurationIsVisible = 0;
			defaultConfigurationName = Release;
		};
		9FD1A7BC27A9B31C000F2593 /* Build configuration list for PBXNativeTarget "Vier Gewinnt" */ = {
			isa = XCConfigurationList;
			buildConfigurations = (
				9FD1A7BD27A9B31C000F2593 /* Debug */,
				9FD1A7BE27A9B31C000F2593 /* Release */,
			);
			defaultConfigurationIsVisible = 0;
			defaultConfigurationName = Release;
		};
		9FD1A7BF27A9B31C000F2593 /* Build configuration list for PBXNativeTarget "Vier GewinntTests" */ = {
			isa = XCConfigurationList;
			buildConfigurations = (
				9FD1A7C027A9B31C000F2593 /* Debug */,
				9FD1A7C127A9B31C000F2593 /* Release */,
			);
			defaultConfigurationIsVisible = 0;
			defaultConfigurationName = Release;
		};
		9FD1A7C227A9B31C000F2593 /* Build configuration list for PBXNativeTarget "Vier GewinntUITests" */ = {
			isa = XCConfigurationList;
			buildConfigurations = (
				9FD1A7C327A9B31C000F2593 /* Debug */,
				9FD1A7C427A9B31C000F2593 /* Release */,
			);
			defaultConfigurationIsVisible = 0;
			defaultConfigurationName = Release;
		};
/* End XCConfigurationList section */
	};
	rootObject = 9FD1A79027A9B31B000F2593 /* Project object */;
}
